
Microsoft Visual Studio Solution File, Format Version 12.00
# Visual Studio Version 16
VisualStudioVersion = 16.0.29201.188
MinimumVisualStudioVersion = 10.0.40219.1
Project("{8BC9CEB8-8B4A-11D0-8D11-00A0C91BC942}") = "HelloOpenCV", "HelloOpenCV\HelloOpenCV.vcxproj", "{8C11AB19-B5FA-46EE-AE0E-DACA494F3162}"
EndProject
Project("{8BC9CEB8-8B4A-11D0-8D11-00A0C91BC942}") = "chap03", "chap03\chap03.vcxproj", "{AE4F5986-128D-42CB-93FC-9593094646F7}"
EndProject
Project("{8BC9CEB8-8B4A-11D0-8D11-00A0C91BC942}") = "chap04", "chap04\chap04.vcxproj", "{F041AF7E-CE80-469C-BF42-8B0DCC355EEC}"
EndProject
Project("{8BC9CEB8-8B4A-11D0-8D11-00A0C91BC942}") = "chap05", "chap05\chap05.vcxproj", "{FAE1B0A4-E608-4A07-9ED7-1BAD31D6FA72}"
EndProject
Project("{8BC9CEB8-8B4A-11D0-8D11-00A0C91BC942}") = "chap06", "chap06\chap06.vcxproj", "{798B8CDF-84C8-4CE5-B2C3-5AE1B4C1D6E4}"
EndProject
Project("{8BC9CEB8-8B4A-11D0-8D11-00A0C91BC942}") = "chap07", "chap07\chap07.vcxproj", "{579965EA-9E9A-4144-A766-CC5E26E9E18A}"
EndProject
Project("{8BC9CEB8-8B4A-11D0-8D11-00A0C91BC942}") = "chap08", "chap08\chap08.vcxproj", "{69945BC4-4068-442D-A124-69694C6DCBA6}"
EndProject
Project("{8BC9CEB8-8B4A-11D0-8D11-00A0C91BC942}") = "chap09", "chap09\chap09.vcxproj", "{01E4F5AA-20AC-4DC1-99DA-A13F400A3CB5}"
EndProject
Project("{8BC9CEB8-8B4A-11D0-8D11-00A0C91BC942}") = "chap11", "chap11\chap11.vcxproj", "{8123B0A9-B10C-4B35-936E-8D334A66675F}"
EndProject
Project("{8BC9CEB8-8B4A-11D0-8D11-00A0C91BC942}") = "chap10", "chap10\chap10.vcxproj", "{12C4325E-7AF6-4EDC-90C2-55107429FC2E}"
EndProject
Global
	GlobalSection(SolutionConfigurationPlatforms) = preSolution
		Debug|x64 = Debug|x64
		Debug|x86 = Debug|x86
		Release|x64 = Release|x64
		Release|x86 = Release|x86
	EndGlobalSection
	GlobalSection(ProjectConfigurationPlatforms) = postSolution
		{8C11AB19-B5FA-46EE-AE0E-DACA494F3162}.Debug|x64.ActiveCfg = Debug|x64
		{8C11AB19-B5FA-46EE-AE0E-DACA494F3162}.Debug|x64.Build.0 = Debug|x64
		{8C11AB19-B5FA-46EE-AE0E-DACA494F3162}.Debug|x86.ActiveCfg = Debug|Win32
		{8C11AB19-B5FA-46EE-AE0E-DACA494F3162}.Debug|x86.Build.0 = Debug|Win32
		{8C11AB19-B5FA-46EE-AE0E-DACA494F3162}.Release|x64.ActiveCfg = Release|x64
		{8C11AB19-B5FA-46EE-AE0E-DACA494F3162}.Release|x64.Build.0 = Release|x64
		{8C11AB19-B5FA-46EE-AE0E-DACA494F3162}.Release|x86.ActiveCfg = Release|Win32
		{8C11AB19-B5FA-46EE-AE0E-DACA494F3162}.Release|x86.Build.0 = Release|Win32
		{AE4F5986-128D-42CB-93FC-9593094646F7}.Debug|x64.ActiveCfg = Debug|x64
		{AE4F5986-128D-42CB-93FC-9593094646F7}.Debug|x64.Build.0 = Debug|x64
		{AE4F5986-128D-42CB-93FC-9593094646F7}.Debug|x86.ActiveCfg = Debug|Win32
		{AE4F5986-128D-42CB-93FC-9593094646F7}.Debug|x86.Build.0 = Debug|Win32
		{AE4F5986-128D-42CB-93FC-9593094646F7}.Release|x64.ActiveCfg = Release|x64
		{AE4F5986-128D-42CB-93FC-9593094646F7}.Release|x64.Build.0 = Release|x64
		{AE4F5986-128D-42CB-93FC-9593094646F7}.Release|x86.ActiveCfg = Release|Win32
		{AE4F5986-128D-42CB-93FC-9593094646F7}.Release|x86.Build.0 = Release|Win32
		{F041AF7E-CE80-469C-BF42-8B0DCC355EEC}.Debug|x64.ActiveCfg = Debug|x64
		{F041AF7E-CE80-469C-BF42-8B0DCC355EEC}.Debug|x64.Build.0 = Debug|x64
		{F041AF7E-CE80-469C-BF42-8B0DCC355EEC}.Debug|x86.ActiveCfg = Debug|Win32
		{F041AF7E-CE80-469C-BF42-8B0DCC355EEC}.Debug|x86.Build.0 = Debug|Win32
		{F041AF7E-CE80-469C-BF42-8B0DCC355EEC}.Release|x64.ActiveCfg = Release|x64
		{F041AF7E-CE80-469C-BF42-8B0DCC355EEC}.Release|x64.Build.0 = Release|x64
		{F041AF7E-CE80-469C-BF42-8B0DCC355EEC}.Release|x86.ActiveCfg = Release|Win32
		{F041AF7E-CE80-469C-BF42-8B0DCC355EEC}.Release|x86.Build.0 = Release|Win32
		{FAE1B0A4-E608-4A07-9ED7-1BAD31D6FA72}.Debug|x64.ActiveCfg = Debug|x64
		{FAE1B0A4-E608-4A07-9ED7-1BAD31D6FA72}.Debug|x64.Build.0 = Debug|x64
		{FAE1B0A4-E608-4A07-9ED7-1BAD31D6FA72}.Debug|x86.ActiveCfg = Debug|Win32
		{FAE1B0A4-E608-4A07-9ED7-1BAD31D6FA72}.Debug|x86.Build.0 = Debug|Win32
		{FAE1B0A4-E608-4A07-9ED7-1BAD31D6FA72}.Release|x64.ActiveCfg = Release|x64
		{FAE1B0A4-E608-4A07-9ED7-1BAD31D6FA72}.Release|x64.Build.0 = Release|x64
		{FAE1B0A4-E608-4A07-9ED7-1BAD31D6FA72}.Release|x86.ActiveCfg = Release|Win32
		{FAE1B0A4-E608-4A07-9ED7-1BAD31D6FA72}.Release|x86.Build.0 = Release|Win32
		{798B8CDF-84C8-4CE5-B2C3-5AE1B4C1D6E4}.Debug|x64.ActiveCfg = Debug|x64
		{798B8CDF-84C8-4CE5-B2C3-5AE1B4C1D6E4}.Debug|x64.Build.0 = Debug|x64
		{798B8CDF-84C8-4CE5-B2C3-5AE1B4C1D6E4}.Debug|x86.ActiveCfg = Debug|Win32
		{798B8CDF-84C8-4CE5-B2C3-5AE1B4C1D6E4}.Debug|x86.Build.0 = Debug|Win32
		{798B8CDF-84C8-4CE5-B2C3-5AE1B4C1D6E4}.Release|x64.ActiveCfg = Release|x64
		{798B8CDF-84C8-4CE5-B2C3-5AE1B4C1D6E4}.Release|x64.Build.0 = Release|x64
		{798B8CDF-84C8-4CE5-B2C3-5AE1B4C1D6E4}.Release|x86.ActiveCfg = Release|Win32
		{798B8CDF-84C8-4CE5-B2C3-5AE1B4C1D6E4}.Release|x86.Build.0 = Release|Win32
		{579965EA-9E9A-4144-A766-CC5E26E9E18A}.Debug|x64.ActiveCfg = Debug|x64
		{579965EA-9E9A-4144-A766-CC5E26E9E18A}.Debug|x64.Build.0 = Debug|x64
		{579965EA-9E9A-4144-A766-CC5E26E9E18A}.Debug|x86.ActiveCfg = Debug|Win32
		{579965EA-9E9A-4144-A766-CC5E26E9E18A}.Debug|x86.Build.0 = Debug|Win32
		{579965EA-9E9A-4144-A766-CC5E26E9E18A}.Release|x64.ActiveCfg = Release|x64
		{579965EA-9E9A-4144-A766-CC5E26E9E18A}.Release|x64.Build.0 = Release|x64
		{579965EA-9E9A-4144-A766-CC5E26E9E18A}.Release|x86.ActiveCfg = Release|Win32
		{579965EA-9E9A-4144-A766-CC5E26E9E18A}.Release|x86.Build.0 = Release|Win32
		{69945BC4-4068-442D-A124-69694C6DCBA6}.Debug|x64.ActiveCfg = Debug|x64
		{69945BC4-4068-442D-A124-69694C6DCBA6}.Debug|x64.Build.0 = Debug|x64
		{69945BC4-4068-442D-A124-69694C6DCBA6}.Debug|x86.ActiveCfg = Debug|Win32
		{69945BC4-4068-442D-A124-69694C6DCBA6}.Debug|x86.Build.0 = Debug|Win32
		{69945BC4-4068-442D-A124-69694C6DCBA6}.Release|x64.ActiveCfg = Release|x64
		{69945BC4-4068-442D-A124-69694C6DCBA6}.Release|x64.Build.0 = Release|x64
		{69945BC4-4068-442D-A124-69694C6DCBA6}.Release|x86.ActiveCfg = Release|Win32
		{69945BC4-4068-442D-A124-69694C6DCBA6}.Release|x86.Build.0 = Release|Win32
		{01E4F5AA-20AC-4DC1-99DA-A13F400A3CB5}.Debug|x64.ActiveCfg = Debug|x64
		{01E4F5AA-20AC-4DC1-99DA-A13F400A3CB5}.Debug|x64.Build.0 = Debug|x64
		{01E4F5AA-20AC-4DC1-99DA-A13F400A3CB5}.Debug|x86.ActiveCfg = Debug|Win32
		{01E4F5AA-20AC-4DC1-99DA-A13F400A3CB5}.Debug|x86.Build.0 = Debug|Win32
		{01E4F5AA-20AC-4DC1-99DA-A13F400A3CB5}.Release|x64.ActiveCfg = Release|x64
		{01E4F5AA-20AC-4DC1-99DA-A13F400A3CB5}.Release|x64.Build.0 = Release|x64
		{01E4F5AA-20AC-4DC1-99DA-A13F400A3CB5}.Release|x86.ActiveCfg = Release|Win32
		{01E4F5AA-20AC-4DC1-99DA-A13F400A3CB5}.Release|x86.Build.0 = Release|Win32
		{8123B0A9-B10C-4B35-936E-8D334A66675F}.Debug|x64.ActiveCfg = Debug|x64
		{8123B0A9-B10C-4B35-936E-8D334A66675F}.Debug|x64.Build.0 = Debug|x64
		{8123B0A9-B10C-4B35-936E-8D334A66675F}.Debug|x86.ActiveCfg = Debug|Win32
		{8123B0A9-B10C-4B35-936E-8D334A66675F}.Debug|x86.Build.0 = Debug|Win32
		{8123B0A9-B10C-4B35-936E-8D334A66675F}.Release|x64.ActiveCfg = Release|x64
		{8123B0A9-B10C-4B35-936E-8D334A66675F}.Release|x64.Build.0 = Release|x64
		{8123B0A9-B10C-4B35-936E-8D334A66675F}.Release|x86.ActiveCfg = Release|Win32
		{8123B0A9-B10C-4B35-936E-8D334A66675F}.Release|x86.Build.0 = Release|Win32
		{12C4325E-7AF6-4EDC-90C2-55107429FC2E}.Debug|x64.ActiveCfg = Debug|x64
		{12C4325E-7AF6-4EDC-90C2-55107429FC2E}.Debug|x64.Build.0 = Debug|x64
		{12C4325E-7AF6-4EDC-90C2-55107429FC2E}.Debug|x86.ActiveCfg = Debug|Win32
		{12C4325E-7AF6-4EDC-90C2-55107429FC2E}.Debug|x86.Build.0 = Debug|Win32
		{12C4325E-7AF6-4EDC-90C2-55107429FC2E}.Release|x64.ActiveCfg = Release|x64
		{12C4325E-7AF6-4EDC-90C2-55107429FC2E}.Release|x64.Build.0 = Release|x64
		{12C4325E-7AF6-4EDC-90C2-55107429FC2E}.Release|x86.ActiveCfg = Release|Win32
		{12C4325E-7AF6-4EDC-90C2-55107429FC2E}.Release|x86.Build.0 = Release|Win32
	EndGlobalSection
	GlobalSection(SolutionProperties) = preSolution
		HideSolutionNode = FALSE
	EndGlobalSection
	GlobalSection(ExtensibilityGlobals) = postSolution
		SolutionGuid = {362FA579-1EC2-4C04-8451-C65E63B88FE1}
	EndGlobalSection
EndGlobal
